// !$*UTF8*$!
{
	archiveVersion = 1;
	classes = {
	};
	objectVersion = 56;
	objects = {

/* Begin PBXBuildFile section */
		D30EB5252B54AA6B001FC9FB /* ReflexTrainerApp.swift in Sources */ = {isa = PBXBuildFile; fileRef = D30EB5242B54AA6B001FC9FB /* ReflexTrainerApp.swift */; };
		D30EB5272B54AA6B001FC9FB /* ContentView.swift in Sources */ = {isa = PBXBuildFile; fileRef = D30EB5262B54AA6B001FC9FB /* ContentView.swift */; };
		D30EB5292B54AA6D001FC9FB /* Assets.xcassets in Resources */ = {isa = PBXBuildFile; fileRef = D30EB5282B54AA6D001FC9FB /* Assets.xcassets */; };
		D30EB52C2B54AA6D001FC9FB /* Preview Assets.xcassets in Resources */ = {isa = PBXBuildFile; fileRef = D30EB52B2B54AA6D001FC9FB /* Preview Assets.xcassets */; };
		D30EB5362B54AA6D001FC9FB /* ReflexTrainerTests.swift in Sources */ = {isa = PBXBuildFile; fileRef = D30EB5352B54AA6D001FC9FB /* ReflexTrainerTests.swift */; };
		D30EB5402B54AA6D001FC9FB /* ReflexTrainerUITests.swift in Sources */ = {isa = PBXBuildFile; fileRef = D30EB53F2B54AA6D001FC9FB /* ReflexTrainerUITests.swift */; };
		D30EB5422B54AA6D001FC9FB /* ReflexTrainerUITestsLaunchTests.swift in Sources */ = {isa = PBXBuildFile; fileRef = D30EB5412B54AA6D001FC9FB /* ReflexTrainerUITestsLaunchTests.swift */; };
		D39A22E62BFC5DA100438884 /* TestViewController.swift in Sources */ = {isa = PBXBuildFile; fileRef = D39A22E52BFC5DA100438884 /* TestViewController.swift */; };
		D39A22E82BFC5F9700438884 /* TestView.swift in Sources */ = {isa = PBXBuildFile; fileRef = D39A22E72BFC5F9700438884 /* TestView.swift */; };
/* End PBXBuildFile section */

/* Begin PBXContainerItemProxy section */
		D30EB5322B54AA6D001FC9FB /* PBXContainerItemProxy */ = {
			isa = PBXContainerItemProxy;
			containerPortal = D30EB5192B54AA6B001FC9FB /* Project object */;
			proxyType = 1;
			remoteGlobalIDString = D30EB5202B54AA6B001FC9FB;
			remoteInfo = ReflexTrainer;
		};
		D30EB53C2B54AA6D001FC9FB /* PBXContainerItemProxy */ = {
			isa = PBXContainerItemProxy;
			containerPortal = D30EB5192B54AA6B001FC9FB /* Project object */;
			proxyType = 1;
			remoteGlobalIDString = D30EB5202B54AA6B001FC9FB;
			remoteInfo = ReflexTrainer;
		};
/* End PBXContainerItemProxy section */

/* Begin PBXFileReference section */
		D30EB5212B54AA6B001FC9FB /* ReflexTrainer.app */ = {isa = PBXFileReference; explicitFileType = wrapper.application; includeInIndex = 0; path = ReflexTrainer.app; sourceTree = BUILT_PRODUCTS_DIR; };
		D30EB5242B54AA6B001FC9FB /* ReflexTrainerApp.swift */ = {isa = PBXFileReference; lastKnownFileType = sourcecode.swift; path = ReflexTrainerApp.swift; sourceTree = "<group>"; };
		D30EB5262B54AA6B001FC9FB /* ContentView.swift */ = {isa = PBXFileReference; lastKnownFileType = sourcecode.swift; path = ContentView.swift; sourceTree = "<group>"; };
		D30EB5282B54AA6D001FC9FB /* Assets.xcassets */ = {isa = PBXFileReference; lastKnownFileType = folder.assetcatalog; path = Assets.xcassets; sourceTree = "<group>"; };
		D30EB52B2B54AA6D001FC9FB /* Preview Assets.xcassets */ = {isa = PBXFileReference; lastKnownFileType = folder.assetcatalog; path = "Preview Assets.xcassets"; sourceTree = "<group>"; };
		D30EB5312B54AA6D001FC9FB /* ReflexTrainerTests.xctest */ = {isa = PBXFileReference; explicitFileType = wrapper.cfbundle; includeInIndex = 0; path = ReflexTrainerTests.xctest; sourceTree = BUILT_PRODUCTS_DIR; };
		D30EB5352B54AA6D001FC9FB /* ReflexTrainerTests.swift */ = {isa = PBXFileReference; lastKnownFileType = sourcecode.swift; path = ReflexTrainerTests.swift; sourceTree = "<group>"; };
		D30EB53B2B54AA6D001FC9FB /* ReflexTrainerUITests.xctest */ = {isa = PBXFileReference; explicitFileType = wrapper.cfbundle; includeInIndex = 0; path = ReflexTrainerUITests.xctest; sourceTree = BUILT_PRODUCTS_DIR; };
		D30EB53F2B54AA6D001FC9FB /* ReflexTrainerUITests.swift */ = {isa = PBXFileReference; lastKnownFileType = sourcecode.swift; path = ReflexTrainerUITests.swift; sourceTree = "<group>"; };
		D30EB5412B54AA6D001FC9FB /* ReflexTrainerUITestsLaunchTests.swift */ = {isa = PBXFileReference; lastKnownFileType = sourcecode.swift; path = ReflexTrainerUITestsLaunchTests.swift; sourceTree = "<group>"; };
		D39A22E52BFC5DA100438884 /* TestViewController.swift */ = {isa = PBXFileReference; lastKnownFileType = sourcecode.swift; path = TestViewController.swift; sourceTree = "<group>"; };
		D39A22E72BFC5F9700438884 /* TestView.swift */ = {isa = PBXFileReference; lastKnownFileType = sourcecode.swift; path = TestView.swift; sourceTree = "<group>"; };
		D3EB5D442C3B72A70083B2C9 /* Info.plist */ = {isa = PBXFileReference; lastKnownFileType = text.plist; path = Info.plist; sourceTree = "<group>"; };
/* End PBXFileReference section */

/* Begin PBXFrameworksBuildPhase section */
		D30EB51E2B54AA6B001FC9FB /* Frameworks */ = {
			isa = PBXFrameworksBuildPhase;
			buildActionMask = 2147483647;
			files = (
			);
			runOnlyForDeploymentPostprocessing = 0;
		};
		D30EB52E2B54AA6D001FC9FB /* Frameworks */ = {
			isa = PBXFrameworksBuildPhase;
			buildActionMask = 2147483647;
			files = (
			);
			runOnlyForDeploymentPostprocessing = 0;
		};
		D30EB5382B54AA6D001FC9FB /* Frameworks */ = {
			isa = PBXFrameworksBuildPhase;
			buildActionMask = 2147483647;
			files = (
			);
			runOnlyForDeploymentPostprocessing = 0;
		};
/* End PBXFrameworksBuildPhase section */

/* Begin PBXGroup section */
		D30EB5182B54AA6B001FC9FB = {
			isa = PBXGroup;
			children = (
				D30EB5232B54AA6B001FC9FB /* ReflexTrainer */,
				D30EB5342B54AA6D001FC9FB /* ReflexTrainerTests */,
				D30EB53E2B54AA6D001FC9FB /* ReflexTrainerUITests */,
				D30EB5222B54AA6B001FC9FB /* Products */,
			);
			sourceTree = "<group>";
		};
		D30EB5222B54AA6B001FC9FB /* Products */ = {
			isa = PBXGroup;
			children = (
				D30EB5212B54AA6B001FC9FB /* ReflexTrainer.app */,
				D30EB5312B54AA6D001FC9FB /* ReflexTrainerTests.xctest */,
				D30EB53B2B54AA6D001FC9FB /* ReflexTrainerUITests.xctest */,
			);
			name = Products;
			sourceTree = "<group>";
		};
		D30EB5232B54AA6B001FC9FB /* ReflexTrainer */ = {
			isa = PBXGroup;
			children = (
				D3EB5D442C3B72A70083B2C9 /* Info.plist */,
				D30EB5242B54AA6B001FC9FB /* ReflexTrainerApp.swift */,
				D30EB5262B54AA6B001FC9FB /* ContentView.swift */,
				D39A22E52BFC5DA100438884 /* TestViewController.swift */,
				D39A22E72BFC5F9700438884 /* TestView.swift */,
				D30EB5282B54AA6D001FC9FB /* Assets.xcassets */,
				D30EB52A2B54AA6D001FC9FB /* Preview Content */,
			);
			path = ReflexTrainer;
			sourceTree = "<group>";
		};
		D30EB52A2B54AA6D001FC9FB /* Preview Content */ = {
			isa = PBXGroup;
			children = (
				D30EB52B2B54AA6D001FC9FB /* Preview Assets.xcassets */,
			);
			path = "Preview Content";
			sourceTree = "<group>";
		};
		D30EB5342B54AA6D001FC9FB /* ReflexTrainerTests */ = {
			isa = PBXGroup;
			children = (
				D30EB5352B54AA6D001FC9FB /* ReflexTrainerTests.swift */,
			);
			path = ReflexTrainerTests;
			sourceTree = "<group>";
		};
		D30EB53E2B54AA6D001FC9FB /* ReflexTrainerUITests */ = {
			isa = PBXGroup;
			children = (
				D30EB53F2B54AA6D001FC9FB /* ReflexTrainerUITests.swift */,
				D30EB5412B54AA6D001FC9FB /* ReflexTrainerUITestsLaunchTests.swift */,
			);
			path = ReflexTrainerUITests;
			sourceTree = "<group>";
		};
/* End PBXGroup section */

/* Begin PBXNativeTarget section */
		D30EB5202B54AA6B001FC9FB /* ReflexTrainer */ = {
			isa = PBXNativeTarget;
			buildConfigurationList = D30EB5452B54AA6D001FC9FB /* Build configuration list for PBXNativeTarget "ReflexTrainer" */;
			buildPhases = (
				D30EB51D2B54AA6B001FC9FB /* Sources */,
				D30EB51E2B54AA6B001FC9FB /* Frameworks */,
				D30EB51F2B54AA6B001FC9FB /* Resources */,
			);
			buildRules = (
			);
			dependencies = (
			);
			name = ReflexTrainer;
			productName = ReflexTrainer;
			productReference = D30EB5212B54AA6B001FC9FB /* ReflexTrainer.app */;
			productType = "com.apple.product-type.application";
		};
		D30EB5302B54AA6D001FC9FB /* ReflexTrainerTests */ = {
			isa = PBXNativeTarget;
			buildConfigurationList = D30EB5482B54AA6D001FC9FB /* Build configuration list for PBXNativeTarget "ReflexTrainerTests" */;
			buildPhases = (
				D30EB52D2B54AA6D001FC9FB /* Sources */,
				D30EB52E2B54AA6D001FC9FB /* Frameworks */,
				D30EB52F2B54AA6D001FC9FB /* Resources */,
			);
			buildRules = (
			);
			dependencies = (
				D30EB5332B54AA6D001FC9FB /* PBXTargetDependency */,
			);
			name = ReflexTrainerTests;
			productName = ReflexTrainerTests;
			productReference = D30EB5312B54AA6D001FC9FB /* ReflexTrainerTests.xctest */;
			productType = "com.apple.product-type.bundle.unit-test";
		};
		D30EB53A2B54AA6D001FC9FB /* ReflexTrainerUITests */ = {
			isa = PBXNativeTarget;
			buildConfigurationList = D30EB54B2B54AA6D001FC9FB /* Build configuration list for PBXNativeTarget "ReflexTrainerUITests" */;
			buildPhases = (
				D30EB5372B54AA6D001FC9FB /* Sources */,
				D30EB5382B54AA6D001FC9FB /* Frameworks */,
				D30EB5392B54AA6D001FC9FB /* Resources */,
			);
			buildRules = (
			);
			dependencies = (
				D30EB53D2B54AA6D001FC9FB /* PBXTargetDependency */,
			);
			name = ReflexTrainerUITests;
			productName = ReflexTrainerUITests;
			productReference = D30EB53B2B54AA6D001FC9FB /* ReflexTrainerUITests.xctest */;
			productType = "com.apple.product-type.bundle.ui-testing";
		};
/* End PBXNativeTarget section */

/* Begin PBXProject section */
		D30EB5192B54AA6B001FC9FB /* Project object */ = {
			isa = PBXProject;
			attributes = {
				BuildIndependentTargetsInParallel = 1;
				LastSwiftUpdateCheck = 1520;
				LastUpgradeCheck = 1520;
				TargetAttributes = {
					D30EB5202B54AA6B001FC9FB = {
						CreatedOnToolsVersion = 15.2;
					};
					D30EB5302B54AA6D001FC9FB = {
						CreatedOnToolsVersion = 15.2;
						TestTargetID = D30EB5202B54AA6B001FC9FB;
					};
					D30EB53A2B54AA6D001FC9FB = {
						CreatedOnToolsVersion = 15.2;
						TestTargetID = D30EB5202B54AA6B001FC9FB;
					};
				};
			};
			buildConfigurationList = D30EB51C2B54AA6B001FC9FB /* Build configuration list for PBXProject "ReflexTrainer" */;
			compatibilityVersion = "Xcode 14.0";
			developmentRegion = en;
			hasScannedForEncodings = 0;
			knownRegions = (
				en,
				Base,
			);
			mainGroup = D30EB5182B54AA6B001FC9FB;
			productRefGroup = D30EB5222B54AA6B001FC9FB /* Products */;
			projectDirPath = "";
			projectRoot = "";
			targets = (
				D30EB5202B54AA6B001FC9FB /* ReflexTrainer */,
				D30EB5302B54AA6D001FC9FB /* ReflexTrainerTests */,
				D30EB53A2B54AA6D001FC9FB /* ReflexTrainerUITests */,
			);
		};
/* End PBXProject section */

/* Begin PBXResourcesBuildPhase section */
		D30EB51F2B54AA6B001FC9FB /* Resources */ = {
			isa = PBXResourcesBuildPhase;
			buildActionMask = 2147483647;
			files = (
				D30EB52C2B54AA6D001FC9FB /* Preview Assets.xcassets in Resources */,
				D30EB5292B54AA6D001FC9FB /* Assets.xcassets in Resources */,
			);
			runOnlyForDeploymentPostprocessing = 0;
		};
		D30EB52F2B54AA6D001FC9FB /* Resources */ = {
			isa = PBXResourcesBuildPhase;
			buildActionMask = 2147483647;
			files = (
			);
			runOnlyForDeploymentPostprocessing = 0;
		};
		D30EB5392B54AA6D001FC9FB /* Resources */ = {
			isa = PBXResourcesBuildPhase;
			buildActionMask = 2147483647;
			files = (
			);
			runOnlyForDeploymentPostprocessing = 0;
		};
/* End PBXResourcesBuildPhase section */

/* Begin PBXSourcesBuildPhase section */
		D30EB51D2B54AA6B001FC9FB /* Sources */ = {
			isa = PBXSourcesBuildPhase;
			buildActionMask = 2147483647;
			files = (
				D39A22E82BFC5F9700438884 /* TestView.swift in Sources */,
				D30EB5272B54AA6B001FC9FB /* ContentView.swift in Sources */,
				D39A22E62BFC5DA100438884 /* TestViewController.swift in Sources */,
				D30EB5252B54AA6B001FC9FB /* ReflexTrainerApp.swift in Sources */,
			);
			runOnlyForDeploymentPostprocessing = 0;
		};
		D30EB52D2B54AA6D001FC9FB /* Sources */ = {
			isa = PBXSourcesBuildPhase;
			buildActionMask = 2147483647;
			files = (
				D30EB5362B54AA6D001FC9FB /* ReflexTrainerTests.swift in Sources */,
			);
			runOnlyForDeploymentPostprocessing = 0;
		};
		D30EB5372B54AA6D001FC9FB /* Sources */ = {
			isa = PBXSourcesBuildPhase;
			buildActionMask = 2147483647;
			files = (
				D30EB5422B54AA6D001FC9FB /* ReflexTrainerUITestsLaunchTests.swift in Sources */,
				D30EB5402B54AA6D001FC9FB /* ReflexTrainerUITests.swift in Sources */,
			);
			runOnlyForDeploymentPostprocessing = 0;
		};
/* End PBXSourcesBuildPhase section */

/* Begin PBXTargetDependency section */
		D30EB5332B54AA6D001FC9FB /* PBXTargetDependency */ = {
			isa = PBXTargetDependency;
			target = D30EB5202B54AA6B001FC9FB /* ReflexTrainer */;
			targetProxy = D30EB5322B54AA6D001FC9FB /* PBXContainerItemProxy */;
		};
		D30EB53D2B54AA6D001FC9FB /* PBXTargetDependency */ = {
			isa = PBXTargetDependency;
			target = D30EB5202B54AA6B001FC9FB /* ReflexTrainer */;
			targetProxy = D30EB53C2B54AA6D001FC9FB /* PBXContainerItemProxy */;
		};
/* End PBXTargetDependency section */

/* Begin XCBuildConfiguration section */
		D30EB5432B54AA6D001FC9FB /* Debug */ = {
			isa = XCBuildConfiguration;
			buildSettings = {
				ALWAYS_SEARCH_USER_PATHS = NO;
				ASSETCATALOG_COMPILER_GENERATE_SWIFT_ASSET_SYMBOL_EXTENSIONS = YES;
				CLANG_ANALYZER_NONNULL = YES;
				CLANG_ANALYZER_NUMBER_OBJECT_CONVERSION = YES_AGGRESSIVE;
				CLANG_CXX_LANGUAGE_STANDARD = "gnu++20";
				CLANG_ENABLE_MODULES = YES;
				CLANG_ENABLE_OBJC_ARC = YES;
				CLANG_ENABLE_OBJC_WEAK = YES;
				CLANG_WARN_BLOCK_CAPTURE_AUTORELEASING = YES;
				CLANG_WARN_BOOL_CONVERSION = YES;
				CLANG_WARN_COMMA = YES;
				CLANG_WARN_CONSTANT_CONVERSION = YES;
				CLANG_WARN_DEPRECATED_OBJC_IMPLEMENTATIONS = YES;
				CLANG_WARN_DIRECT_OBJC_ISA_USAGE = YES_ERROR;
				CLANG_WARN_DOCUMENTATION_COMMENTS = YES;
				CLANG_WARN_EMPTY_BODY = YES;
				CLANG_WARN_ENUM_CONVERSION = YES;
				CLANG_WARN_INFINITE_RECURSION = YES;
				CLANG_WARN_INT_CONVERSION = YES;
				CLANG_WARN_NON_LITERAL_NULL_CONVERSION = YES;
				CLANG_WARN_OBJC_IMPLICIT_RETAIN_SELF = YES;
				CLANG_WARN_OBJC_LITERAL_CONVERSION = YES;
				CLANG_WARN_OBJC_ROOT_CLASS = YES_ERROR;
				CLANG_WARN_QUOTED_INCLUDE_IN_FRAMEWORK_HEADER = YES;
				CLANG_WARN_RANGE_LOOP_ANALYSIS = YES;
				CLANG_WARN_STRICT_PROTOTYPES = YES;
				CLANG_WARN_SUSPICIOUS_MOVE = YES;
				CLANG_WARN_UNGUARDED_AVAILABILITY = YES_AGGRESSIVE;
				CLANG_WARN_UNREACHABLE_CODE = YES;
				CLANG_WARN__DUPLICATE_METHOD_MATCH = YES;
				COPY_PHASE_STRIP = NO;
				DEBUG_INFORMATION_FORMAT = dwarf;
				ENABLE_STRICT_OBJC_MSGSEND = YES;
				ENABLE_TESTABILITY = YES;
				ENABLE_USER_SCRIPT_SANDBOXING = YES;
				GCC_C_LANGUAGE_STANDARD = gnu17;
				GCC_DYNAMIC_NO_PIC = NO;
				GCC_NO_COMMON_BLOCKS = YES;
				GCC_OPTIMIZATION_LEVEL = 0;
				GCC_PREPROCESSOR_DEFINITIONS = (
					"DEBUG=1",
					"$(inherited)",
				);
				GCC_WARN_64_TO_32_BIT_CONVERSION = YES;
				GCC_WARN_ABOUT_RETURN_TYPE = YES_ERROR;
				GCC_WARN_UNDECLARED_SELECTOR = YES;
				GCC_WARN_UNINITIALIZED_AUTOS = YES_AGGRESSIVE;
				GCC_WARN_UNUSED_FUNCTION = YES;
				GCC_WARN_UNUSED_VARIABLE = YES;
				IPHONEOS_DEPLOYMENT_TARGET = 17.2;
				LOCALIZATION_PREFERS_STRING_CATALOGS = YES;
				MTL_ENABLE_DEBUG_INFO = INCLUDE_SOURCE;
				MTL_FAST_MATH = YES;
				ONLY_ACTIVE_ARCH = YES;
				SDKROOT = iphoneos;
				SWIFT_ACTIVE_COMPILATION_CONDITIONS = "DEBUG $(inherited)";
				SWIFT_OPTIMIZATION_LEVEL = "-Onone";
			};
			name = Debug;
		};
		D30EB5442B54AA6D001FC9FB /* Release */ = {
			isa = XCBuildConfiguration;
			buildSettings = {
				ALWAYS_SEARCH_USER_PATHS = NO;
				ASSETCATALOG_COMPILER_GENERATE_SWIFT_ASSET_SYMBOL_EXTENSIONS = YES;
				CLANG_ANALYZER_NONNULL = YES;
				CLANG_ANALYZER_NUMBER_OBJECT_CONVERSION = YES_AGGRESSIVE;
				CLANG_CXX_LANGUAGE_STANDARD = "gnu++20";
				CLANG_ENABLE_MODULES = YES;
				CLANG_ENABLE_OBJC_ARC = YES;
				CLANG_ENABLE_OBJC_WEAK = YES;
				CLANG_WARN_BLOCK_CAPTURE_AUTORELEASING = YES;
				CLANG_WARN_BOOL_CONVERSION = YES;
				CLANG_WARN_COMMA = YES;
				CLANG_WARN_CONSTANT_CONVERSION = YES;
				CLANG_WARN_DEPRECATED_OBJC_IMPLEMENTATIONS = YES;
				CLANG_WARN_DIRECT_OBJC_ISA_USAGE = YES_ERROR;
				CLANG_WARN_DOCUMENTATION_COMMENTS = YES;
				CLANG_WARN_EMPTY_BODY = YES;
				CLANG_WARN_ENUM_CONVERSION = YES;
				CLANG_WARN_INFINITE_RECURSION = YES;
				CLANG_WARN_INT_CONVERSION = YES;
				CLANG_WARN_NON_LITERAL_NULL_CONVERSION = YES;
				CLANG_WARN_OBJC_IMPLICIT_RETAIN_SELF = YES;
				CLANG_WARN_OBJC_LITERAL_CONVERSION = YES;
				CLANG_WARN_OBJC_ROOT_CLASS = YES_ERROR;
				CLANG_WARN_QUOTED_INCLUDE_IN_FRAMEWORK_HEADER = YES;
				CLANG_WARN_RANGE_LOOP_ANALYSIS = YES;
				CLANG_WARN_STRICT_PROTOTYPES = YES;
				CLANG_WARN_SUSPICIOUS_MOVE = YES;
				CLANG_WARN_UNGUARDED_AVAILABILITY = YES_AGGRESSIVE;
				CLANG_WARN_UNREACHABLE_CODE = YES;
				CLANG_WARN__DUPLICATE_METHOD_MATCH = YES;
				COPY_PHASE_STRIP = NO;
				DEBUG_INFORMATION_FORMAT = "dwarf-with-dsym";
				ENABLE_NS_ASSERTIONS = NO;
				ENABLE_STRICT_OBJC_MSGSEND = YES;
				ENABLE_USER_SCRIPT_SANDBOXING = YES;
				GCC_C_LANGUAGE_STANDARD = gnu17;
				GCC_NO_COMMON_BLOCKS = YES;
				GCC_WARN_64_TO_32_BIT_CONVERSION = YES;
				GCC_WARN_ABOUT_RETURN_TYPE = YES_ERROR;
				GCC_WARN_UNDECLARED_SELECTOR = YES;
				GCC_WARN_UNINITIALIZED_AUTOS = YES_AGGRESSIVE;
				GCC_WARN_UNUSED_FUNCTION = YES;
				GCC_WARN_UNUSED_VARIABLE = YES;
				IPHONEOS_DEPLOYMENT_TARGET = 17.2;
				LOCALIZATION_PREFERS_STRING_CATALOGS = YES;
				MTL_ENABLE_DEBUG_INFO = NO;
				MTL_FAST_MATH = YES;
				SDKROOT = iphoneos;
				SWIFT_COMPILATION_MODE = wholemodule;
				VALIDATE_PRODUCT = YES;
			};
			name = Release;
		};
		D30EB5462B54AA6D001FC9FB /* Debug */ = {
			isa = XCBuildConfiguration;
			buildSettings = {
				ASSETCATALOG_COMPILER_APPICON_NAME = AppIcon;
				ASSETCATALOG_COMPILER_GLOBAL_ACCENT_COLOR_NAME = AccentColor;
				CODE_SIGN_IDENTITY = "Apple Development";
				CODE_SIGN_STYLE = Automatic;
				CURRENT_PROJECT_VERSION = 1;
				DEVELOPMENT_ASSET_PATHS = "\"ReflexTrainer/Preview Content\"";
				DEVELOPMENT_TEAM = 2PC289NFAR;
				ENABLE_PREVIEWS = YES;
				GENERATE_INFOPLIST_FILE = YES;
				INFOPLIST_FILE = ReflexTrainer/Info.plist;
				INFOPLIST_KEY_CFBundleDisplayName = "Reflex Trainer";
				INFOPLIST_KEY_UIApplicationSceneManifest_Generation = YES;
				INFOPLIST_KEY_UIApplicationSupportsIndirectInputEvents = YES;
				INFOPLIST_KEY_UILaunchScreen_Generation = YES;
				INFOPLIST_KEY_UISupportedInterfaceOrientations_iPad = "UIInterfaceOrientationPortrait UIInterfaceOrientationPortraitUpsideDown UIInterfaceOrientationLandscapeLeft UIInterfaceOrientationLandscapeRight";
				INFOPLIST_KEY_UISupportedInterfaceOrientations_iPhone = "UIInterfaceOrientationPortrait UIInterfaceOrientationLandscapeLeft UIInterfaceOrientationLandscapeRight";
				LD_RUNPATH_SEARCH_PATHS = (
					"$(inherited)",
					"@executable_path/Frameworks",
				);
				MARKETING_VERSION = 1.0;
				PRODUCT_BUNDLE_IDENTIFIER = augiege.ReflexTrainer;
				PRODUCT_NAME = "$(TARGET_NAME)";
				PROVISIONING_PROFILE_SPECIFIER = "";
				SUPPORTED_PLATFORMS = "iphoneos iphonesimulator";
				SUPPORTS_MACCATALYST = NO;
				SUPPORTS_MAC_DESIGNED_FOR_IPHONE_IPAD = NO;
				SUPPORTS_XR_DESIGNED_FOR_IPHONE_IPAD = NO;
				SWIFT_EMIT_LOC_STRINGS = YES;
				SWIFT_VERSION = 5.0;
				TARGETED_DEVICE_FAMILY = 1;
			};
			name = Debug;
		};
		D30EB5472B54AA6D001FC9FB /* Release */ = {
			isa = XCBuildConfiguration;
			buildSettings = {
				ASSETCATALOG_COMPILER_APPICON_NAME = AppIcon;
				ASSETCATALOG_COMPILER_GLOBAL_ACCENT_COLOR_NAME = AccentColor;
				CODE_SIGN_IDENTITY = "Apple Development";
				CODE_SIGN_STYLE = Automatic;
				CURRENT_PROJECT_VERSION = 1;
				DEVELOPMENT_ASSET_PATHS = "\"ReflexTrainer/Preview Content\"";
				DEVELOPMENT_TEAM = 2PC289NFAR;
				ENABLE_PREVIEWS = YES;
				GENERATE_INFOPLIST_FILE = YES;
				INFOPLIST_FILE = ReflexTrainer/Info.plist;
				INFOPLIST_KEY_CFBundleDisplayName = "Reflex Trainer";
				INFOPLIST_KEY_UIApplicationSceneManifest_Generation = YES;
				INFOPLIST_KEY_UIApplicationSupportsIndirectInputEvents = YES;
				INFOPLIST_KEY_UILaunchScreen_Generation = YES;
				INFOPLIST_KEY_UISupportedInterfaceOrientations_iPad = "UIInterfaceOrientationPortrait UIInterfaceOrientationPortraitUpsideDown UIInterfaceOrientationLandscapeLeft UIInterfaceOrientationLandscapeRight";
				INFOPLIST_KEY_UISupportedInterfaceOrientations_iPhone = "UIInterfaceOrientationPortrait UIInterfaceOrientationLandscapeLeft UIInterfaceOrientationLandscapeRight";
				LD_RUNPATH_SEARCH_PATHS = (
					"$(inherited)",
					"@executable_path/Frameworks",
				);
				MARKETING_VERSION = 1.0;
				PRODUCT_BUNDLE_IDENTIFIER = augiege.ReflexTrainer;
				PRODUCT_NAME = "$(TARGET_NAME)";
				PROVISIONING_PROFILE_SPECIFIER = "";
				SUPPORTED_PLATFORMS = "iphoneos iphonesimulator";
				SUPPORTS_MACCATALYST = NO;
				SUPPORTS_MAC_DESIGNED_FOR_IPHONE_IPAD = NO;
				SUPPORTS_XR_DESIGNED_FOR_IPHONE_IPAD = NO;
				SWIFT_EMIT_LOC_STRINGS = YES;
				SWIFT_VERSION = 5.0;
				TARGETED_DEVICE_FAMILY = 1;
			};
			name = Release;
		};
		D30EB5492B54AA6D001FC9FB /* Debug */ = {
			isa = XCBuildConfiguration;
			buildSettings = {
				ALWAYS_EMBED_SWIFT_STANDARD_LIBRARIES = YES;
				BUNDLE_LOADER = "$(TEST_HOST)";
				CODE_SIGN_STYLE = Automatic;
				CURRENT_PROJECT_VERSION = 1;
				GENERATE_INFOPLIST_FILE = YES;
				IPHONEOS_DEPLOYMENT_TARGET = 17.2;
				MARKETING_VERSION = 1.0;
				PRODUCT_BUNDLE_IDENTIFIER = augiege.ReflexTrainerTests;
				PRODUCT_NAME = "$(TARGET_NAME)";
				SWIFT_EMIT_LOC_STRINGS = NO;
				SWIFT_VERSION = 5.0;
				TARGETED_DEVICE_FAMILY = 1;
				TEST_HOST = "$(BUILT_PRODUCTS_DIR)/ReflexTrainer.app/$(BUNDLE_EXECUTABLE_FOLDER_PATH)/ReflexTrainer";
			};
			name = Debug;
		};
		D30EB54A2B54AA6D001FC9FB /* Release */ = {
			isa = XCBuildConfiguration;
			buildSettings = {
				ALWAYS_EMBED_SWIFT_STANDARD_LIBRARIES = YES;
				BUNDLE_LOADER = "$(TEST_HOST)";
				CODE_SIGN_STYLE = Automatic;
				CURRENT_PROJECT_VERSION = 1;
				GENERATE_INFOPLIST_FILE = YES;
				IPHONEOS_DEPLOYMENT_TARGET = 17.2;
				MARKETING_VERSION = 1.0;
				PRODUCT_BUNDLE_IDENTIFIER = augiege.ReflexTrainerTests;
				PRODUCT_NAME = "$(TARGET_NAME)";
				SWIFT_EMIT_LOC_STRINGS = NO;
				SWIFT_VERSION = 5.0;
				TARGETED_DEVICE_FAMILY = 1;
				TEST_HOST = "$(BUILT_PRODUCTS_DIR)/ReflexTrainer.app/$(BUNDLE_EXECUTABLE_FOLDER_PATH)/ReflexTrainer";
			};
			name = Release;
		};
		D30EB54C2B54AA6D001FC9FB /* Debug */ = {
			isa = XCBuildConfiguration;
			buildSettings = {
				ALWAYS_EMBED_SWIFT_STANDARD_LIBRARIES = YES;
				CODE_SIGN_STYLE = Automatic;
				CURRENT_PROJECT_VERSION = 1;
				GENERATE_INFOPLIST_FILE = YES;
				MARKETING_VERSION = 1.0;
				PRODUCT_BUNDLE_IDENTIFIER = augiege.ReflexTrainerUITests;
				PRODUCT_NAME = "$(TARGET_NAME)";
				SWIFT_EMIT_LOC_STRINGS = NO;
				SWIFT_VERSION = 5.0;
				TARGETED_DEVICE_FAMILY = 1;
				TEST_TARGET_NAME = ReflexTrainer;
			};
			name = Debug;
		};
		D30EB54D2B54AA6D001FC9FB /* Release */ = {
			isa = XCBuildConfiguration;
			buildSettings = {
				ALWAYS_EMBED_SWIFT_STANDARD_LIBRARIES = YES;
				CODE_SIGN_STYLE = Automatic;
				CURRENT_PROJECT_VERSION = 1;
				GENERATE_INFOPLIST_FILE = YES;
				MARKETING_VERSION = 1.0;
				PRODUCT_BUNDLE_IDENTIFIER = augiege.ReflexTrainerUITests;
				PRODUCT_NAME = "$(TARGET_NAME)";
				SWIFT_EMIT_LOC_STRINGS = NO;
				SWIFT_VERSION = 5.0;
				TARGETED_DEVICE_FAMILY = 1;
				TEST_TARGET_NAME = ReflexTrainer;
			};
			name = Release;
		};
/* End XCBuildConfiguration section */

/* Begin XCConfigurationList section */
		D30EB51C2B54AA6B001FC9FB /* Build configuration list for PBXProject "ReflexTrainer" */ = {
			isa = XCConfigurationList;
			buildConfigurations = (
				D30EB5432B54AA6D001FC9FB /* Debug */,
				D30EB5442B54AA6D001FC9FB /* Release */,
			);
			defaultConfigurationIsVisible = 0;
			defaultConfigurationName = Release;
		};
		D30EB5452B54AA6D001FC9FB /* Build configuration list for PBXNativeTarget "ReflexTrainer" */ = {
			isa = XCConfigurationList;
			buildConfigurations = (
				D30EB5462B54AA6D001FC9FB /* Debug */,
				D30EB5472B54AA6D001FC9FB /* Release */,
			);
			defaultConfigurationIsVisible = 0;
			defaultConfigurationName = Release;
		};
		D30EB5482B54AA6D001FC9FB /* Build configuration list for PBXNativeTarget "ReflexTrainerTests" */ = {
			isa = XCConfigurationList;
			buildConfigurations = (
				D30EB5492B54AA6D001FC9FB /* Debug */,
				D30EB54A2B54AA6D001FC9FB /* Release */,
			);
			defaultConfigurationIsVisible = 0;
			defaultConfigurationName = Release;
		};
		D30EB54B2B54AA6D001FC9FB /* Build configuration list for PBXNativeTarget "ReflexTrainerUITests" */ = {
			isa = XCConfigurationList;
			buildConfigurations = (
				D30EB54C2B54AA6D001FC9FB /* Debug */,
				D30EB54D2B54AA6D001FC9FB /* Release */,
			);
			defaultConfigurationIsVisible = 0;
			defaultConfigurationName = Release;
		};
/* End XCConfigurationList section */
	};
	rootObject = D30EB5192B54AA6B001FC9FB /* Project object */;
}
